
Microsoft Visual Studio Solution File, Format Version 12.00
# Visual Studio Version 17
VisualStudioVersion = 17.5.002.0
MinimumVisualStudioVersion = 10.0.40219.1
Project("{9A19103F-16F7-4668-BE54-9A1E7A4F7556}") = "Projeto_Web_Lh_Pets_versão_1", "Projeto_Web_Lh_Pets_versão_1.csproj", "{2AE7C81D-871C-4CF3-B061-757B1062EDBF}"
EndProject
Global
	GlobalSection(SolutionConfigurationPlatforms) = preSolution
		Debug|Any CPU = Debug|Any CPU
		Release|Any CPU = Release|Any CPU
	EndGlobalSection
	GlobalSection(ProjectConfigurationPlatforms) = postSolution
		{2AE7C81D-871C-4CF3-B061-757B1062EDBF}.Debug|Any CPU.ActiveCfg = Debug|Any CPU
		{2AE7C81D-871C-4CF3-B061-757B1062EDBF}.Debug|Any CPU.Build.0 = Debug|Any CPU
		{2AE7C81D-871C-4CF3-B061-757B1062EDBF}.Release|Any CPU.ActiveCfg = Release|Any CPU
		{2AE7C81D-871C-4CF3-B061-757B1062EDBF}.Release|Any CPU.Build.0 = Release|Any CPU
	EndGlobalSection
	GlobalSection(SolutionProperties) = preSolution
		HideSolutionNode = FALSE
	EndGlobalSection
	GlobalSection(ExtensibilityGlobals) = postSolution
		SolutionGuid = {B052B43D-9933-42C3-9ADB-9E855A1231F2}
	EndGlobalSection
EndGlobal
